
Microsoft Visual Studio Solution File, Format Version 12.00
# Visual Studio Version 17
VisualStudioVersion = 17.14.36408.4 d17.14
MinimumVisualStudioVersion = 10.0.40219.1
Project("{8BC9CEB8-8B4A-11D0-8D11-00A0C91BC942}") = "envpp-standalone", "envpp-standalone\envpp-standalone.vcxproj", "{E8CBB4B9-EF60-414C-9380-8A00ABCFD99B}"
EndProject
Global
	GlobalSection(SolutionConfigurationPlatforms) = preSolution
		Debug|x64 = Debug|x64
		Debug|x86 = Debug|x86
		Release|x64 = Release|x64
		Release|x86 = Release|x86
	EndGlobalSection
	GlobalSection(ProjectConfigurationPlatforms) = postSolution
		{E8CBB4B9-EF60-414C-9380-8A00ABCFD99B}.Debug|x64.ActiveCfg = Debug|x64
		{E8CBB4B9-EF60-414C-9380-8A00ABCFD99B}.Debug|x64.Build.0 = Debug|x64
		{E8CBB4B9-EF60-414C-9380-8A00ABCFD99B}.Debug|x86.ActiveCfg = Debug|Win32
		{E8CBB4B9-EF60-414C-9380-8A00ABCFD99B}.Debug|x86.Build.0 = Debug|Win32
		{E8CBB4B9-EF60-414C-9380-8A00ABCFD99B}.Release|x64.ActiveCfg = Release|x64
		{E8CBB4B9-EF60-414C-9380-8A00ABCFD99B}.Release|x64.Build.0 = Release|x64
		{E8CBB4B9-EF60-414C-9380-8A00ABCFD99B}.Release|x86.ActiveCfg = Release|Win32
		{E8CBB4B9-EF60-414C-9380-8A00ABCFD99B}.Release|x86.Build.0 = Release|Win32
	EndGlobalSection
	GlobalSection(SolutionProperties) = preSolution
		HideSolutionNode = FALSE
	EndGlobalSection
	GlobalSection(ExtensibilityGlobals) = postSolution
		SolutionGuid = {B476184B-4E2B-4A9A-930A-D08046449A80}
	EndGlobalSection
EndGlobal
